
Microsoft Visual Studio Solution File, Format Version 12.00
# Visual Studio Version 16
VisualStudioVersion = 16.0.32002.261
MinimumVisualStudioVersion = 10.0.40219.1
Project("{FAE04EC0-301F-11D3-BF4B-00C04F79EFBC}") = "lyban", "lyban\lyban.csproj", "{50C7980F-13AB-4EE1-9BBE-011229377241}"
EndProject
Global
	GlobalSection(SolutionConfigurationPlatforms) = preSolution
		Debug|Any CPU = Debug|Any CPU
		Debug|x64 = Debug|x64
		Release|Any CPU = Release|Any CPU
		Release|x64 = Release|x64
	EndGlobalSection
	GlobalSection(ProjectConfigurationPlatforms) = postSolution
		{50C7980F-13AB-4EE1-9BBE-011229377241}.Debug|Any CPU.ActiveCfg = Debug|Any CPU
		{50C7980F-13AB-4EE1-9BBE-011229377241}.Debug|Any CPU.Build.0 = Debug|Any CPU
		{50C7980F-13AB-4EE1-9BBE-011229377241}.Debug|x64.ActiveCfg = Debug|x64
		{50C7980F-13AB-4EE1-9BBE-011229377241}.Debug|x64.Build.0 = Debug|x64
		{50C7980F-13AB-4EE1-9BBE-011229377241}.Release|Any CPU.ActiveCfg = Release|Any CPU
		{50C7980F-13AB-4EE1-9BBE-011229377241}.Release|Any CPU.Build.0 = Release|Any CPU
		{50C7980F-13AB-4EE1-9BBE-011229377241}.Release|x64.ActiveCfg = Release|x64
		{50C7980F-13AB-4EE1-9BBE-011229377241}.Release|x64.Build.0 = Release|x64
	EndGlobalSection
	GlobalSection(SolutionProperties) = preSolution
		HideSolutionNode = FALSE
	EndGlobalSection
	GlobalSection(ExtensibilityGlobals) = postSolution
		SolutionGuid = {5F394EF5-D49D-47AE-B5FD-6BA59FFE2116}
	EndGlobalSection
EndGlobal
